
Microsoft Visual Studio Solution File, Format Version 12.00
Project("{FAE04EC0-301F-11D3-BF4B-00C04F79EFBC}") = "AsyncAwait", "AsyncAwait\AsyncAwait.csproj", "{52A71597-CF9E-4C05-93B7-AD9A203859CD}"
EndProject
Project("{FAE04EC0-301F-11D3-BF4B-00C04F79EFBC}") = "AsyncEnumerable", "AsyncEnumerable\AsyncEnumerable.csproj", "{3B2618BA-C64E-4A0B-B3AF-5B7202A47F38}"
EndProject
Project("{FAE04EC0-301F-11D3-BF4B-00C04F79EFBC}") = "PLinq", "PLinq\PLinq.csproj", "{6BFF677D-37A0-4275-92F6-4A0438B16B62}"
EndProject
Project("{FAE04EC0-301F-11D3-BF4B-00C04F79EFBC}") = "AsyncLib", "AsyncLib\AsyncLib.csproj", "{080C6FFE-5F58-4149-B0F7-D93E311A67CF}"
EndProject
Project("{FAE04EC0-301F-11D3-BF4B-00C04F79EFBC}") = "AsyncMain", "AsyncMain\AsyncMain.csproj", "{E45B092B-AF6F-44EE-9AE1-BAEA043147DE}"
EndProject
Global
	GlobalSection(SolutionConfigurationPlatforms) = preSolution
		Debug|Any CPU = Debug|Any CPU
		Release|Any CPU = Release|Any CPU
	EndGlobalSection
	GlobalSection(ProjectConfigurationPlatforms) = postSolution
		{52A71597-CF9E-4C05-93B7-AD9A203859CD}.Debug|Any CPU.ActiveCfg = Debug|Any CPU
		{52A71597-CF9E-4C05-93B7-AD9A203859CD}.Debug|Any CPU.Build.0 = Debug|Any CPU
		{52A71597-CF9E-4C05-93B7-AD9A203859CD}.Release|Any CPU.ActiveCfg = Release|Any CPU
		{52A71597-CF9E-4C05-93B7-AD9A203859CD}.Release|Any CPU.Build.0 = Release|Any CPU
		{3B2618BA-C64E-4A0B-B3AF-5B7202A47F38}.Debug|Any CPU.ActiveCfg = Debug|Any CPU
		{3B2618BA-C64E-4A0B-B3AF-5B7202A47F38}.Debug|Any CPU.Build.0 = Debug|Any CPU
		{3B2618BA-C64E-4A0B-B3AF-5B7202A47F38}.Release|Any CPU.ActiveCfg = Release|Any CPU
		{3B2618BA-C64E-4A0B-B3AF-5B7202A47F38}.Release|Any CPU.Build.0 = Release|Any CPU
		{6BFF677D-37A0-4275-92F6-4A0438B16B62}.Debug|Any CPU.ActiveCfg = Debug|Any CPU
		{6BFF677D-37A0-4275-92F6-4A0438B16B62}.Debug|Any CPU.Build.0 = Debug|Any CPU
		{6BFF677D-37A0-4275-92F6-4A0438B16B62}.Release|Any CPU.ActiveCfg = Release|Any CPU
		{6BFF677D-37A0-4275-92F6-4A0438B16B62}.Release|Any CPU.Build.0 = Release|Any CPU
		{080C6FFE-5F58-4149-B0F7-D93E311A67CF}.Debug|Any CPU.ActiveCfg = Debug|Any CPU
		{080C6FFE-5F58-4149-B0F7-D93E311A67CF}.Debug|Any CPU.Build.0 = Debug|Any CPU
		{080C6FFE-5F58-4149-B0F7-D93E311A67CF}.Release|Any CPU.ActiveCfg = Release|Any CPU
		{080C6FFE-5F58-4149-B0F7-D93E311A67CF}.Release|Any CPU.Build.0 = Release|Any CPU
		{E45B092B-AF6F-44EE-9AE1-BAEA043147DE}.Debug|Any CPU.ActiveCfg = Debug|Any CPU
		{E45B092B-AF6F-44EE-9AE1-BAEA043147DE}.Debug|Any CPU.Build.0 = Debug|Any CPU
		{E45B092B-AF6F-44EE-9AE1-BAEA043147DE}.Release|Any CPU.ActiveCfg = Release|Any CPU
		{E45B092B-AF6F-44EE-9AE1-BAEA043147DE}.Release|Any CPU.Build.0 = Release|Any CPU
	EndGlobalSection
EndGlobal
